
Microsoft Visual Studio Solution File, Format Version 12.00
Project("{FAE04EC0-301F-11D3-BF4B-00C04F79EFBC}") = "WebApi", "WebApi\WebApi.csproj", "{B6F95F65-775D-4EC0-957C-B6FFDC221E29}"
EndProject
Project("{FAE04EC0-301F-11D3-BF4B-00C04F79EFBC}") = "Services", "Services\Services.csproj", "{9C7CDDDE-D04A-42B0-BD25-7B3378E28176}"
EndProject
Project("{FAE04EC0-301F-11D3-BF4B-00C04F79EFBC}") = "Domain", "Domain\Domain.csproj", "{9F9ABFD2-1CD8-4708-966F-7BDEC2A9B10E}"
EndProject
Project("{FAE04EC0-301F-11D3-BF4B-00C04F79EFBC}") = "Infra", "Infra\Infra.csproj", "{B5383382-0A70-44CA-8402-92686B0B16C9}"
EndProject
Project("{FAE04EC0-301F-11D3-BF4B-00C04F79EFBC}") = "IoC", "IoC\IoC.csproj", "{BCE6CCF7-2558-446F-9FF4-A8B6689C9E25}"
EndProject
Project("{FAE04EC0-301F-11D3-BF4B-00C04F79EFBC}") = "Tests", "Tests\Tests.csproj", "{A648900D-8DED-4F22-94C1-0842157B6FF1}"
EndProject
Project("{2150E333-8FDC-42A3-9474-1A3956D46DE8}") = "1 -API", "1 -API", "{9661CF6B-F329-4C8B-9F16-C12F6B76D157}"
EndProject
Project("{2150E333-8FDC-42A3-9474-1A3956D46DE8}") = "2 - Service", "2 - Service", "{A4530295-ADD6-4D26-85ED-0B267822CBED}"
EndProject
Project("{2150E333-8FDC-42A3-9474-1A3956D46DE8}") = "3 - Domain", "3 - Domain", "{CE690707-1926-4AB0-8AC1-ECB56199739B}"
EndProject
Project("{2150E333-8FDC-42A3-9474-1A3956D46DE8}") = "4 - Infra", "4 - Infra", "{CC74EFC7-773D-4485-B229-50D40EC83901}"
EndProject
Project("{2150E333-8FDC-42A3-9474-1A3956D46DE8}") = "5 - IoC", "5 - IoC", "{F8224A39-1889-4E93-85B2-33BA1462649E}"
EndProject
Project("{2150E333-8FDC-42A3-9474-1A3956D46DE8}") = "6 - Tests", "6 - Tests", "{F38F670C-2087-41F8-A064-DC8679BA5D1F}"
EndProject
Global
	GlobalSection(SolutionConfigurationPlatforms) = preSolution
		Debug|Any CPU = Debug|Any CPU
		Release|Any CPU = Release|Any CPU
	EndGlobalSection
	GlobalSection(ProjectConfigurationPlatforms) = postSolution
		{B6F95F65-775D-4EC0-957C-B6FFDC221E29}.Debug|Any CPU.ActiveCfg = Debug|Any CPU
		{B6F95F65-775D-4EC0-957C-B6FFDC221E29}.Debug|Any CPU.Build.0 = Debug|Any CPU
		{B6F95F65-775D-4EC0-957C-B6FFDC221E29}.Release|Any CPU.ActiveCfg = Release|Any CPU
		{B6F95F65-775D-4EC0-957C-B6FFDC221E29}.Release|Any CPU.Build.0 = Release|Any CPU
		{9C7CDDDE-D04A-42B0-BD25-7B3378E28176}.Debug|Any CPU.ActiveCfg = Debug|Any CPU
		{9C7CDDDE-D04A-42B0-BD25-7B3378E28176}.Debug|Any CPU.Build.0 = Debug|Any CPU
		{9C7CDDDE-D04A-42B0-BD25-7B3378E28176}.Release|Any CPU.ActiveCfg = Release|Any CPU
		{9C7CDDDE-D04A-42B0-BD25-7B3378E28176}.Release|Any CPU.Build.0 = Release|Any CPU
		{9F9ABFD2-1CD8-4708-966F-7BDEC2A9B10E}.Debug|Any CPU.ActiveCfg = Debug|Any CPU
		{9F9ABFD2-1CD8-4708-966F-7BDEC2A9B10E}.Debug|Any CPU.Build.0 = Debug|Any CPU
		{9F9ABFD2-1CD8-4708-966F-7BDEC2A9B10E}.Release|Any CPU.ActiveCfg = Release|Any CPU
		{9F9ABFD2-1CD8-4708-966F-7BDEC2A9B10E}.Release|Any CPU.Build.0 = Release|Any CPU
		{B5383382-0A70-44CA-8402-92686B0B16C9}.Debug|Any CPU.ActiveCfg = Debug|Any CPU
		{B5383382-0A70-44CA-8402-92686B0B16C9}.Debug|Any CPU.Build.0 = Debug|Any CPU
		{B5383382-0A70-44CA-8402-92686B0B16C9}.Release|Any CPU.ActiveCfg = Release|Any CPU
		{B5383382-0A70-44CA-8402-92686B0B16C9}.Release|Any CPU.Build.0 = Release|Any CPU
		{BCE6CCF7-2558-446F-9FF4-A8B6689C9E25}.Debug|Any CPU.ActiveCfg = Debug|Any CPU
		{BCE6CCF7-2558-446F-9FF4-A8B6689C9E25}.Debug|Any CPU.Build.0 = Debug|Any CPU
		{BCE6CCF7-2558-446F-9FF4-A8B6689C9E25}.Release|Any CPU.ActiveCfg = Release|Any CPU
		{BCE6CCF7-2558-446F-9FF4-A8B6689C9E25}.Release|Any CPU.Build.0 = Release|Any CPU
		{A648900D-8DED-4F22-94C1-0842157B6FF1}.Debug|Any CPU.ActiveCfg = Debug|Any CPU
		{A648900D-8DED-4F22-94C1-0842157B6FF1}.Debug|Any CPU.Build.0 = Debug|Any CPU
		{A648900D-8DED-4F22-94C1-0842157B6FF1}.Release|Any CPU.ActiveCfg = Release|Any CPU
		{A648900D-8DED-4F22-94C1-0842157B6FF1}.Release|Any CPU.Build.0 = Release|Any CPU
	EndGlobalSection
	GlobalSection(NestedProjects) = preSolution
		{B6F95F65-775D-4EC0-957C-B6FFDC221E29} = {9661CF6B-F329-4C8B-9F16-C12F6B76D157}
		{9C7CDDDE-D04A-42B0-BD25-7B3378E28176} = {A4530295-ADD6-4D26-85ED-0B267822CBED}
		{9F9ABFD2-1CD8-4708-966F-7BDEC2A9B10E} = {CE690707-1926-4AB0-8AC1-ECB56199739B}
		{B5383382-0A70-44CA-8402-92686B0B16C9} = {CC74EFC7-773D-4485-B229-50D40EC83901}
		{BCE6CCF7-2558-446F-9FF4-A8B6689C9E25} = {F8224A39-1889-4E93-85B2-33BA1462649E}
		{A648900D-8DED-4F22-94C1-0842157B6FF1} = {F38F670C-2087-41F8-A064-DC8679BA5D1F}
	EndGlobalSection
EndGlobal
